PODS:
  - HWWeakTimer (1.0)
  - SwiftyBluetooth (3.1.0)

DEPENDENCIES:
  - HWWeakTimer
  - SwiftyBluetooth (from `./SwiftyBluetooth`)

SPEC REPOS:
  trunk:
    - HWWeakTimer

EXTERNAL SOURCES:
  SwiftyBluetooth:
    :path: "./SwiftyBluetooth"

SPEC CHECKSUMS:
  HWWeakTimer: 79488095ef2dd8937f94b676d12bd5fa954486e6
  SwiftyBluetooth: 1023a77ebc114ffc6bb776a9a9f472219c448ac5

PODFILE CHECKSUM: 61b3da580d125e724937b6a64667b4072769f7b1

COCOAPODS: 1.12.1
